// !$*UTF8*$!
{
	archiveVersion = 1;
	classes = {
	};
	objectVersion = 55;
	objects = {

/* Begin PBXBuildFile section */
		751EC88727672FAE00103DD8 /* ProfileViewController.swift in Sources */ = {isa = PBXBuildFile; fileRef = 751EC88627672FAE00103DD8 /* ProfileViewController.swift */; };
		751EC88A276736B400103DD8 /* User .swift in Sources */ = {isa = PBXBuildFile; fileRef = 751EC889276736B400103DD8 /* User .swift */; };
		751EC88C276736E300103DD8 /* UserApi.swift in Sources */ = {isa = PBXBuildFile; fileRef = 751EC88B276736E300103DD8 /* UserApi.swift */; };
		752A77172768A38B00F9B500 /* ProfileModel.swift in Sources */ = {isa = PBXBuildFile; fileRef = 752A77162768A38B00F9B500 /* ProfileModel.swift */; };
		752A771B2769E0EB00F9B500 /* SubjectList.swift in Sources */ = {isa = PBXBuildFile; fileRef = 752A771A2769E0EB00F9B500 /* SubjectList.swift */; };
		752A771D2769E2BD00F9B500 /* MainSubjectViewController.swift in Sources */ = {isa = PBXBuildFile; fileRef = 752A771C2769E2BD00F9B500 /* MainSubjectViewController.swift */; };
		755BE0F92787133900FEE714 /* SwiftMessages in Frameworks */ = {isa = PBXBuildFile; productRef = 755BE0F82787133900FEE714 /* SwiftMessages */; };
		755BE0FB278724BC00FEE714 /* UsersIdeaViewController.swift in Sources */ = {isa = PBXBuildFile; fileRef = 755BE0FA278724BC00FEE714 /* UsersIdeaViewController.swift */; };
		755BE0FD2787273800FEE714 /* IdeasTableViewCell.swift in Sources */ = {isa = PBXBuildFile; fileRef = 755BE0FC2787273800FEE714 /* IdeasTableViewCell.swift */; };
		755BE0FF27874E8100FEE714 /* Thought.swift in Sources */ = {isa = PBXBuildFile; fileRef = 755BE0FE27874E8100FEE714 /* Thought.swift */; };
		7560A8CB2760A2890085CD00 /* AppDelegate.swift in Sources */ = {isa = PBXBuildFile; fileRef = 7560A8CA2760A2890085CD00 /* AppDelegate.swift */; };
		7560A8CD2760A2890085CD00 /* SceneDelegate.swift in Sources */ = {isa = PBXBuildFile; fileRef = 7560A8CC2760A2890085CD00 /* SceneDelegate.swift */; };
		7560A8CF2760A2890085CD00 /* PostViewController.swift in Sources */ = {isa = PBXBuildFile; fileRef = 7560A8CE2760A2890085CD00 /* PostViewController.swift */; };
		7560A8D22760A2890085CD00 /* Main.storyboard in Resources */ = {isa = PBXBuildFile; fileRef = 7560A8D02760A2890085CD00 /* Main.storyboard */; };
		7560A8D42760A28D0085CD00 /* Assets.xcassets in Resources */ = {isa = PBXBuildFile; fileRef = 7560A8D32760A28D0085CD00 /* Assets.xcassets */; };
		7560A8D72760A28D0085CD00 /* LaunchScreen.storyboard in Resources */ = {isa = PBXBuildFile; fileRef = 7560A8D52760A28D0085CD00 /* LaunchScreen.storyboard */; };
		7560A8E42761E31D0085CD00 /* FirebaseAuth in Frameworks */ = {isa = PBXBuildFile; productRef = 7560A8E32761E31D0085CD00 /* FirebaseAuth */; };
		7560A8E62761E31D0085CD00 /* FirebaseDatabase in Frameworks */ = {isa = PBXBuildFile; productRef = 7560A8E52761E31D0085CD00 /* FirebaseDatabase */; };
		7560A8E82761E31D0085CD00 /* FirebaseFirestore in Frameworks */ = {isa = PBXBuildFile; productRef = 7560A8E72761E31D0085CD00 /* FirebaseFirestore */; };
		7560A8EA2761E31D0085CD00 /* FirebaseStorage in Frameworks */ = {isa = PBXBuildFile; productRef = 7560A8E92761E31D0085CD00 /* FirebaseStorage */; };
		7560A8ED2761E43D0085CD00 /* SignUpPageViewController.swift in Sources */ = {isa = PBXBuildFile; fileRef = 7560A8EC2761E43D0085CD00 /* SignUpPageViewController.swift */; };
		7571639027773930008E8B39 /* messageConstants.swift in Sources */ = {isa = PBXBuildFile; fileRef = 7571638F2777392F008E8B39 /* messageConstants.swift */; };
		758EC4C3276F18A0004CDF76 /* CellTableViewCell.swift in Sources */ = {isa = PBXBuildFile; fileRef = 758EC4C1276F18A0004CDF76 /* CellTableViewCell.swift */; };
		758EC4C4276F18A0004CDF76 /* CellTableViewCell.xib in Resources */ = {isa = PBXBuildFile; fileRef = 758EC4C2276F18A0004CDF76 /* CellTableViewCell.xib */; };
		758EC4C6276FC659004CDF76 /* CellCollectionViewCell.swift in Sources */ = {isa = PBXBuildFile; fileRef = 758EC4C5276FC659004CDF76 /* CellCollectionViewCell.swift */; };
		75954ACA27622161009158F3 /* GoogleService-Info.plist in Resources */ = {isa = PBXBuildFile; fileRef = 75954AC927622161009158F3 /* GoogleService-Info.plist */; };
		75954ACC27623740009158F3 /* LogInVController.swift in Sources */ = {isa = PBXBuildFile; fileRef = 75954ACB27623740009158F3 /* LogInVController.swift */; };
		75954AD027660BC6009158F3 /* Constants.swift in Sources */ = {isa = PBXBuildFile; fileRef = 75954ACF27660BC6009158F3 /* Constants.swift */; };
		75CC8226278310E900CF69CA /* CoreSubjectsViewController.swift in Sources */ = {isa = PBXBuildFile; fileRef = 75CC8225278310E900CF69CA /* CoreSubjectsViewController.swift */; };
		75E860A1277A1C02000FC830 /* FirebaseAnalytics in Frameworks */ = {isa = PBXBuildFile; productRef = 75E860A0277A1C02000FC830 /* FirebaseAnalytics */; };
		75EC871727819FD9006FADCF /* SaudiClubsViewController.swift in Sources */ = {isa = PBXBuildFile; fileRef = 75EC871627819FD9006FADCF /* SaudiClubsViewController.swift */; };
/* End PBXBuildFile section */

/* Begin PBXFileReference section */
		3D3523AA88BDA4EF7460B539 /* Pods-Capstone.debug.xcconfig */ = {isa = PBXFileReference; includeInIndex = 1; lastKnownFileType = text.xcconfig; name = "Pods-Capstone.debug.xcconfig"; path = "Target Support Files/Pods-Capstone/Pods-Capstone.debug.xcconfig"; sourceTree = "<group>"; };
		6678A5EC849184A6DC30CB14 /* Pods-Capstone.release.xcconfig */ = {isa = PBXFileReference; includeInIndex = 1; lastKnownFileType = text.xcconfig; name = "Pods-Capstone.release.xcconfig"; path = "Target Support Files/Pods-Capstone/Pods-Capstone.release.xcconfig"; sourceTree = "<group>"; };
		751EC88627672FAE00103DD8 /* ProfileViewController.swift */ = {isa = PBXFileReference; lastKnownFileType = sourcecode.swift; path = ProfileViewController.swift; sourceTree = "<group>"; };
		751EC889276736B400103DD8 /* User .swift */ = {isa = PBXFileReference; lastKnownFileType = sourcecode.swift; path = "User .swift"; sourceTree = "<group>"; };
		751EC88B276736E300103DD8 /* UserApi.swift */ = {isa = PBXFileReference; lastKnownFileType = sourcecode.swift; path = UserApi.swift; sourceTree = "<group>"; };
		752A77162768A38B00F9B500 /* ProfileModel.swift */ = {isa = PBXFileReference; lastKnownFileType = sourcecode.swift; path = ProfileModel.swift; sourceTree = "<group>"; };
		752A771A2769E0EB00F9B500 /* SubjectList.swift */ = {isa = PBXFileReference; lastKnownFileType = sourcecode.swift; path = SubjectList.swift; sourceTree = "<group>"; };
		752A771C2769E2BD00F9B500 /* MainSubjectViewController.swift */ = {isa = PBXFileReference; lastKnownFileType = sourcecode.swift; path = MainSubjectViewController.swift; sourceTree = "<group>"; };
		755BE0FA278724BC00FEE714 /* UsersIdeaViewController.swift */ = {isa = PBXFileReference; lastKnownFileType = sourcecode.swift; path = UsersIdeaViewController.swift; sourceTree = "<group>"; };
		755BE0FC2787273800FEE714 /* IdeasTableViewCell.swift */ = {isa = PBXFileReference; lastKnownFileType = sourcecode.swift; path = IdeasTableViewCell.swift; sourceTree = "<group>"; };
		755BE0FE27874E8100FEE714 /* Thought.swift */ = {isa = PBXFileReference; lastKnownFileType = sourcecode.swift; path = Thought.swift; sourceTree = "<group>"; };
		7560A8C72760A2890085CD00 /* Capstone.app */ = {isa = PBXFileReference; explicitFileType = wrapper.application; includeInIndex = 0; path = Capstone.app; sourceTree = BUILT_PRODUCTS_DIR; };
		7560A8CA2760A2890085CD00 /* AppDelegate.swift */ = {isa = PBXFileReference; lastKnownFileType = sourcecode.swift; path = AppDelegate.swift; sourceTree = "<group>"; };
		7560A8CC2760A2890085CD00 /* SceneDelegate.swift */ = {isa = PBXFileReference; lastKnownFileType = sourcecode.swift; path = SceneDelegate.swift; sourceTree = "<group>"; };
		7560A8CE2760A2890085CD00 /* PostViewController.swift */ = {isa = PBXFileReference; lastKnownFileType = sourcecode.swift; path = PostViewController.swift; sourceTree = "<group>"; };
		7560A8D12760A2890085CD00 /* Base */ = {isa = PBXFileReference; lastKnownFileType = file.storyboard; name = Base; path = Base.lproj/Main.storyboard; sourceTree = "<group>"; };
		7560A8D32760A28D0085CD00 /* Assets.xcassets */ = {isa = PBXFileReference; lastKnownFileType = folder.assetcatalog; path = Assets.xcassets; sourceTree = "<group>"; };
		7560A8D62760A28D0085CD00 /* Base */ = {isa = PBXFileReference; lastKnownFileType = file.storyboard; name = Base; path = Base.lproj/LaunchScreen.storyboard; sourceTree = "<group>"; };
		7560A8D82760A28D0085CD00 /* Info.plist */ = {isa = PBXFileReference; lastKnownFileType = text.plist.xml; path = Info.plist; sourceTree = "<group>"; };
		7560A8EC2761E43D0085CD00 /* SignUpPageViewController.swift */ = {isa = PBXFileReference; lastKnownFileType = sourcecode.swift; path = SignUpPageViewController.swift; sourceTree = "<group>"; };
		7571638F2777392F008E8B39 /* messageConstants.swift */ = {isa = PBXFileReference; lastKnownFileType = sourcecode.swift; path = messageConstants.swift; sourceTree = "<group>"; };
		758EC4C1276F18A0004CDF76 /* CellTableViewCell.swift */ = {isa = PBXFileReference; lastKnownFileType = sourcecode.swift; path = CellTableViewCell.swift; sourceTree = "<group>"; };
		758EC4C2276F18A0004CDF76 /* CellTableViewCell.xib */ = {isa = PBXFileReference; lastKnownFileType = file.xib; path = CellTableViewCell.xib; sourceTree = "<group>"; };
		758EC4C5276FC659004CDF76 /* CellCollectionViewCell.swift */ = {isa = PBXFileReference; lastKnownFileType = sourcecode.swift; path = CellCollectionViewCell.swift; sourceTree = "<group>"; };
		75954AC927622161009158F3 /* GoogleService-Info.plist */ = {isa = PBXFileReference; fileEncoding = 4; lastKnownFileType = text.plist.xml; path = "GoogleService-Info.plist"; sourceTree = "<group>"; };
		75954ACB27623740009158F3 /* LogInVController.swift */ = {isa = PBXFileReference; lastKnownFileType = sourcecode.swift; path = LogInVController.swift; sourceTree = "<group>"; };
		75954ACF27660BC6009158F3 /* Constants.swift */ = {isa = PBXFileReference; lastKnownFileType = sourcecode.swift; path = Constants.swift; sourceTree = "<group>"; };
		75CC8225278310E900CF69CA /* CoreSubjectsViewController.swift */ = {isa = PBXFileReference; lastKnownFileType = sourcecode.swift; path = CoreSubjectsViewController.swift; sourceTree = "<group>"; };
		75E860A2277A241B000FC830 /* Pods_Capstone.framework */ = {isa = PBXFileReference; explicitFileType = wrapper.framework; path = Pods_Capstone.framework; sourceTree = BUILT_PRODUCTS_DIR; };
		75EC871627819FD9006FADCF /* SaudiClubsViewController.swift */ = {isa = PBXFileReference; lastKnownFileType = sourcecode.swift; path = SaudiClubsViewController.swift; sourceTree = "<group>"; };
		9EE9D0390437877563E16F4E /* Pods_Capstone.framework */ = {isa = PBXFileReference; explicitFileType = wrapper.framework; includeInIndex = 0; path = Pods_Capstone.framework; sourceTree = BUILT_PRODUCTS_DIR; };
/* End PBXFileReference section */

/* Begin PBXFrameworksBuildPhase section */
		7560A8C42760A2890085CD00 /* Frameworks */ = {
			isa = PBXFrameworksBuildPhase;
			buildActionMask = 2147483647;
			files = (
				7560A8E62761E31D0085CD00 /* FirebaseDatabase in Frameworks */,
				7560A8E82761E31D0085CD00 /* FirebaseFirestore in Frameworks */,
				75E860A1277A1C02000FC830 /* FirebaseAnalytics in Frameworks */,
				7560A8EA2761E31D0085CD00 /* FirebaseStorage in Frameworks */,
				755BE0F92787133900FEE714 /* SwiftMessages in Frameworks */,
				7560A8E42761E31D0085CD00 /* FirebaseAuth in Frameworks */,
			);
			runOnlyForDeploymentPostprocessing = 0;
		};
/* End PBXFrameworksBuildPhase section */

/* Begin PBXGroup section */
		312B92499979666D7470A457 /* Pods */ = {
			isa = PBXGroup;
			children = (
				3D3523AA88BDA4EF7460B539 /* Pods-Capstone.debug.xcconfig */,
				6678A5EC849184A6DC30CB14 /* Pods-Capstone.release.xcconfig */,
			);
			path = Pods;
			sourceTree = "<group>";
		};
		751EC888276735F300103DD8 /* Models */ = {
			isa = PBXGroup;
			children = (
				751EC889276736B400103DD8 /* User .swift */,
				751EC88B276736E300103DD8 /* UserApi.swift */,
				752A77162768A38B00F9B500 /* ProfileModel.swift */,
				7571638F2777392F008E8B39 /* messageConstants.swift */,
				752A771E2769E2FD00F9B500 /* SubjectsModels */,
				755BE0FE27874E8100FEE714 /* Thought.swift */,
			);
			path = Models;
			sourceTree = "<group>";
		};
		752A771E2769E2FD00F9B500 /* SubjectsModels */ = {
			isa = PBXGroup;
			children = (
				752A771A2769E0EB00F9B500 /* SubjectList.swift */,
			);
			path = SubjectsModels;
			sourceTree = "<group>";
		};
		7560A8BE2760A2890085CD00 = {
			isa = PBXGroup;
			children = (
				7560A8C92760A2890085CD00 /* Capstone */,
				7560A8C82760A2890085CD00 /* Products */,
				758EC4C0276B662F004CDF76 /* Frameworks */,
				312B92499979666D7470A457 /* Pods */,
			);
			sourceTree = "<group>";
		};
		7560A8C82760A2890085CD00 /* Products */ = {
			isa = PBXGroup;
			children = (
				7560A8C72760A2890085CD00 /* Capstone.app */,
			);
			name = Products;
			sourceTree = "<group>";
		};
		7560A8C92760A2890085CD00 /* Capstone */ = {
			isa = PBXGroup;
			children = (
				751EC888276735F300103DD8 /* Models */,
				7560A8EF2761E46F0085CD00 /* View */,
				7560A8EB2761E4040085CD00 /* Controllers */,
				75F01BF2277D911200215F8D /* CustomViewCell */,
				7560A8EE2761E44F0085CD00 /* Resource */,
				7560A8D32760A28D0085CD00 /* Assets.xcassets */,
				7560A8D82760A28D0085CD00 /* Info.plist */,
				75954AC927622161009158F3 /* GoogleService-Info.plist */,
				75954ACF27660BC6009158F3 /* Constants.swift */,
			);
			path = Capstone;
			sourceTree = "<group>";
		};
		7560A8EB2761E4040085CD00 /* Controllers */ = {
			isa = PBXGroup;
			children = (
				75954AC52761F0D5009158F3 /* LogPageVC */,
				7571639127799745008E8B39 /* MainPagesVCs */,
			);
			path = Controllers;
			sourceTree = "<group>";
		};
		7560A8EE2761E44F0085CD00 /* Resource */ = {
			isa = PBXGroup;
			children = (
				7560A8CA2760A2890085CD00 /* AppDelegate.swift */,
				7560A8CC2760A2890085CD00 /* SceneDelegate.swift */,
			);
			path = Resource;
			sourceTree = "<group>";
		};
		7560A8EF2761E46F0085CD00 /* View */ = {
			isa = PBXGroup;
			children = (
				7560A8D02760A2890085CD00 /* Main.storyboard */,
				7560A8D52760A28D0085CD00 /* LaunchScreen.storyboard */,
			);
			path = View;
			sourceTree = "<group>";
		};
		7571639127799745008E8B39 /* MainPagesVCs */ = {
			isa = PBXGroup;
			children = (
				7560A8CE2760A2890085CD00 /* PostViewController.swift */,
				752A771C2769E2BD00F9B500 /* MainSubjectViewController.swift */,
				75CC8225278310E900CF69CA /* CoreSubjectsViewController.swift */,
				75EC871627819FD9006FADCF /* SaudiClubsViewController.swift */,
				755BE0FA278724BC00FEE714 /* UsersIdeaViewController.swift */,
			);
			path = MainPagesVCs;
			sourceTree = "<group>";
		};
		758EC4C0276B662F004CDF76 /* Frameworks */ = {
			isa = PBXGroup;
			children = (
				75E860A2277A241B000FC830 /* Pods_Capstone.framework */,
				9EE9D0390437877563E16F4E /* Pods_Capstone.framework */,
			);
			name = Frameworks;
			sourceTree = "<group>";
		};
		75954AC52761F0D5009158F3 /* LogPageVC */ = {
			isa = PBXGroup;
			children = (
				7560A8EC2761E43D0085CD00 /* SignUpPageViewController.swift */,
				75954ACB27623740009158F3 /* LogInVController.swift */,
				751EC88627672FAE00103DD8 /* ProfileViewController.swift */,
			);
			path = LogPageVC;
			sourceTree = "<group>";
		};
		75F01BF2277D911200215F8D /* CustomViewCell */ = {
			isa = PBXGroup;
			children = (
				758EC4C5276FC659004CDF76 /* CellCollectionViewCell.swift */,
				755BE0FC2787273800FEE714 /* IdeasTableViewCell.swift */,
				75F01BF4277D91AE00215F8D /* MainTableViewCell */,
			);
			path = CustomViewCell;
			sourceTree = "<group>";
		};
		75F01BF4277D91AE00215F8D /* MainTableViewCell */ = {
			isa = PBXGroup;
			children = (
				758EC4C1276F18A0004CDF76 /* CellTableViewCell.swift */,
				758EC4C2276F18A0004CDF76 /* CellTableViewCell.xib */,
			);
			path = MainTableViewCell;
			sourceTree = "<group>";
		};
/* End PBXGroup section */

/* Begin PBXNativeTarget section */
		7560A8C62760A2890085CD00 /* Capstone */ = {
			isa = PBXNativeTarget;
			buildConfigurationList = 7560A8DB2760A28D0085CD00 /* Build configuration list for PBXNativeTarget "Capstone" */;
			buildPhases = (
				52CE5578C349E4E6D7440C7A /* [CP] Check Pods Manifest.lock */,
				7560A8C32760A2890085CD00 /* Sources */,
				7560A8C42760A2890085CD00 /* Frameworks */,
				7560A8C52760A2890085CD00 /* Resources */,
				FB49EA5504926C08294B770A /* [CP] Embed Pods Frameworks */,
			);
			buildRules = (
			);
			dependencies = (
			);
			name = Capstone;
			packageProductDependencies = (
				7560A8E32761E31D0085CD00 /* FirebaseAuth */,
				7560A8E52761E31D0085CD00 /* FirebaseDatabase */,
				7560A8E72761E31D0085CD00 /* FirebaseFirestore */,
				7560A8E92761E31D0085CD00 /* FirebaseStorage */,
				75E860A0277A1C02000FC830 /* FirebaseAnalytics */,
				755BE0F82787133900FEE714 /* SwiftMessages */,
			);
			productName = Capstone;
			productReference = 7560A8C72760A2890085CD00 /* Capstone.app */;
			productType = "com.apple.product-type.application";
		};
/* End PBXNativeTarget section */

/* Begin PBXProject section */
		7560A8BF2760A2890085CD00 /* Project object */ = {
			isa = PBXProject;
			attributes = {
				BuildIndependentTargetsInParallel = 1;
				LastSwiftUpdateCheck = 1300;
				LastUpgradeCheck = 1300;
				TargetAttributes = {
					7560A8C62760A2890085CD00 = {
						CreatedOnToolsVersion = 13.0;
					};
				};
			};
			buildConfigurationList = 7560A8C22760A2890085CD00 /* Build configuration list for PBXProject "Capstone" */;
			compatibilityVersion = "Xcode 13.0";
			developmentRegion = en;
			hasScannedForEncodings = 0;
			knownRegions = (
				en,
				Base,
			);
			mainGroup = 7560A8BE2760A2890085CD00;
			packageReferences = (
				7560A8E02761E31D0085CD00 /* XCRemoteSwiftPackageReference "firebase-ios-sdk" */,
				755BE0F72787133900FEE714 /* XCRemoteSwiftPackageReference "SwiftMessages" */,
			);
			productRefGroup = 7560A8C82760A2890085CD00 /* Products */;
			projectDirPath = "";
			projectRoot = "";
			targets = (
				7560A8C62760A2890085CD00 /* Capstone */,
			);
		};
/* End PBXProject section */

/* Begin PBXResourcesBuildPhase section */
		7560A8C52760A2890085CD00 /* Resources */ = {
			isa = PBXResourcesBuildPhase;
			buildActionMask = 2147483647;
			files = (
				7560A8D72760A28D0085CD00 /* LaunchScreen.storyboard in Resources */,
				75954ACA27622161009158F3 /* GoogleService-Info.plist in Resources */,
				7560A8D42760A28D0085CD00 /* Assets.xcassets in Resources */,
				7560A8D22760A2890085CD00 /* Main.storyboard in Resources */,
				758EC4C4276F18A0004CDF76 /* CellTableViewCell.xib in Resources */,
			);
			runOnlyForDeploymentPostprocessing = 0;
		};
/* End PBXResourcesBuildPhase section */

/* Begin PBXShellScriptBuildPhase section */
		52CE5578C349E4E6D7440C7A /* [CP] Check Pods Manifest.lock */ = {
			isa = PBXShellScriptBuildPhase;
			buildActionMask = 2147483647;
			files = (
			);
			inputFileListPaths = (
			);
			inputPaths = (
				"${PODS_PODFILE_DIR_PATH}/Podfile.lock",
				"${PODS_ROOT}/Manifest.lock",
			);
			name = "[CP] Check Pods Manifest.lock";
			outputFileListPaths = (
			);
			outputPaths = (
				"$(DERIVED_FILE_DIR)/Pods-Capstone-checkManifestLockResult.txt",
			);
			runOnlyForDeploymentPostprocessing = 0;
			shellPath = /bin/sh;
			shellScript = "diff \"${PODS_PODFILE_DIR_PATH}/Podfile.lock\" \"${PODS_ROOT}/Manifest.lock\" > /dev/null\nif [ $? != 0 ] ; then\n    # print error to STDERR\n    echo \"error: The sandbox is not in sync with the Podfile.lock. Run 'pod install' or update your CocoaPods installation.\" >&2\n    exit 1\nfi\n# This output is used by Xcode 'outputs' to avoid re-running this script phase.\necho \"SUCCESS\" > \"${SCRIPT_OUTPUT_FILE_0}\"\n";
			showEnvVarsInLog = 0;
		};
		FB49EA5504926C08294B770A /* [CP] Embed Pods Frameworks */ = {
			isa = PBXShellScriptBuildPhase;
			buildActionMask = 8;
			files = (
			);
			inputFileListPaths = (
				"${PODS_ROOT}/Target Support Files/Pods-Capstone/Pods-Capstone-frameworks-${CONFIGURATION}-input-files.xcfilelist",
			);
			inputPaths = (
			);
			name = "[CP] Embed Pods Frameworks";
			outputFileListPaths = (
				"${PODS_ROOT}/Target Support Files/Pods-Capstone/Pods-Capstone-frameworks-${CONFIGURATION}-output-files.xcfilelist",
			);
			runOnlyForDeploymentPostprocessing = 1;
			shellPath = /bin/sh;
			shellScript = "\"${PODS_ROOT}/Target Support Files/Pods-Capstone/Pods-Capstone-frameworks.sh\"\n";
		};
/* End PBXShellScriptBuildPhase section */

/* Begin PBXSourcesBuildPhase section */
		7560A8C32760A2890085CD00 /* Sources */ = {
			isa = PBXSourcesBuildPhase;
			buildActionMask = 2147483647;
			files = (
				75CC8226278310E900CF69CA /* CoreSubjectsViewController.swift in Sources */,
				752A771D2769E2BD00F9B500 /* MainSubjectViewController.swift in Sources */,
				755BE0FD2787273800FEE714 /* IdeasTableViewCell.swift in Sources */,
				752A771B2769E0EB00F9B500 /* SubjectList.swift in Sources */,
				7571639027773930008E8B39 /* messageConstants.swift in Sources */,
				75954ACC27623740009158F3 /* LogInVController.swift in Sources */,
				75EC871727819FD9006FADCF /* SaudiClubsViewController.swift in Sources */,
				7560A8ED2761E43D0085CD00 /* SignUpPageViewController.swift in Sources */,
				7560A8CF2760A2890085CD00 /* PostViewController.swift in Sources */,
				75954AD027660BC6009158F3 /* Constants.swift in Sources */,
				7560A8CB2760A2890085CD00 /* AppDelegate.swift in Sources */,
				755BE0FF27874E8100FEE714 /* Thought.swift in Sources */,
				752A77172768A38B00F9B500 /* ProfileModel.swift in Sources */,
				758EC4C6276FC659004CDF76 /* CellCollectionViewCell.swift in Sources */,
				758EC4C3276F18A0004CDF76 /* CellTableViewCell.swift in Sources */,
				751EC88A276736B400103DD8 /* User .swift in Sources */,
				755BE0FB278724BC00FEE714 /* UsersIdeaViewController.swift in Sources */,
				751EC88C276736E300103DD8 /* UserApi.swift in Sources */,
				751EC88727672FAE00103DD8 /* ProfileViewController.swift in Sources */,
				7560A8CD2760A2890085CD00 /* SceneDelegate.swift in Sources */,
			);
			runOnlyForDeploymentPostprocessing = 0;
		};
/* End PBXSourcesBuildPhase section */

/* Begin PBXVariantGroup section */
		7560A8D02760A2890085CD00 /* Main.storyboard */ = {
			isa = PBXVariantGroup;
			children = (
				7560A8D12760A2890085CD00 /* Base */,
			);
			name = Main.storyboard;
			sourceTree = "<group>";
		};
		7560A8D52760A28D0085CD00 /* LaunchScreen.storyboard */ = {
			isa = PBXVariantGroup;
			children = (
				7560A8D62760A28D0085CD00 /* Base */,
			);
			name = LaunchScreen.storyboard;
			sourceTree = "<group>";
		};
/* End PBXVariantGroup section */

/* Begin XCBuildConfiguration section */
		7560A8D92760A28D0085CD00 /* Debug */ = {
			isa = XCBuildConfiguration;
			buildSettings = {
				ALWAYS_SEARCH_USER_PATHS = NO;
				CLANG_ANALYZER_NONNULL = YES;
				CLANG_ANALYZER_NUMBER_OBJECT_CONVERSION = YES_AGGRESSIVE;
				CLANG_CXX_LANGUAGE_STANDARD = "gnu++17";
				CLANG_CXX_LIBRARY = "libc++";
				CLANG_ENABLE_MODULES = YES;
				CLANG_ENABLE_OBJC_ARC = YES;
				CLANG_ENABLE_OBJC_WEAK = YES;
				CLANG_WARN_BLOCK_CAPTURE_AUTORELEASING = YES;
				CLANG_WARN_BOOL_CONVERSION = YES;
				CLANG_WARN_COMMA = YES;
				CLANG_WARN_CONSTANT_CONVERSION = YES;
				CLANG_WARN_DEPRECATED_OBJC_IMPLEMENTATIONS = YES;
				CLANG_WARN_DIRECT_OBJC_ISA_USAGE = YES_ERROR;
				CLANG_WARN_DOCUMENTATION_COMMENTS = YES;
				CLANG_WARN_EMPTY_BODY = YES;
				CLANG_WARN_ENUM_CONVERSION = YES;
				CLANG_WARN_INFINITE_RECURSION = YES;
				CLANG_WARN_INT_CONVERSION = YES;
				CLANG_WARN_NON_LITERAL_NULL_CONVERSION = YES;
				CLANG_WARN_OBJC_IMPLICIT_RETAIN_SELF = YES;
				CLANG_WARN_OBJC_LITERAL_CONVERSION = YES;
				CLANG_WARN_OBJC_ROOT_CLASS = YES_ERROR;
				CLANG_WARN_QUOTED_INCLUDE_IN_FRAMEWORK_HEADER = YES;
				CLANG_WARN_RANGE_LOOP_ANALYSIS = YES;
				CLANG_WARN_STRICT_PROTOTYPES = YES;
				CLANG_WARN_SUSPICIOUS_MOVE = YES;
				CLANG_WARN_UNGUARDED_AVAILABILITY = YES_AGGRESSIVE;
				CLANG_WARN_UNREACHABLE_CODE = YES;
				CLANG_WARN__DUPLICATE_METHOD_MATCH = YES;
				COPY_PHASE_STRIP = NO;
				DEBUG_INFORMATION_FORMAT = dwarf;
				ENABLE_STRICT_OBJC_MSGSEND = YES;
				ENABLE_TESTABILITY = YES;
				GCC_C_LANGUAGE_STANDARD = gnu11;
				GCC_DYNAMIC_NO_PIC = NO;
				GCC_NO_COMMON_BLOCKS = YES;
				GCC_OPTIMIZATION_LEVEL = 0;
				GCC_PREPROCESSOR_DEFINITIONS = (
					"DEBUG=1",
					"$(inherited)",
				);
				GCC_WARN_64_TO_32_BIT_CONVERSION = YES;
				GCC_WARN_ABOUT_RETURN_TYPE = YES_ERROR;
				GCC_WARN_UNDECLARED_SELECTOR = YES;
				GCC_WARN_UNINITIALIZED_AUTOS = YES_AGGRESSIVE;
				GCC_WARN_UNUSED_FUNCTION = YES;
				GCC_WARN_UNUSED_VARIABLE = YES;
				IPHONEOS_DEPLOYMENT_TARGET = 15.0;
				MTL_ENABLE_DEBUG_INFO = INCLUDE_SOURCE;
				MTL_FAST_MATH = YES;
				ONLY_ACTIVE_ARCH = YES;
				SDKROOT = iphoneos;
				SWIFT_ACTIVE_COMPILATION_CONDITIONS = DEBUG;
				SWIFT_OPTIMIZATION_LEVEL = "-Onone";
			};
			name = Debug;
		};
		7560A8DA2760A28D0085CD00 /* Release */ = {
			isa = XCBuildConfiguration;
			buildSettings = {
				ALWAYS_SEARCH_USER_PATHS = NO;
				CLANG_ANALYZER_NONNULL = YES;
				CLANG_ANALYZER_NUMBER_OBJECT_CONVERSION = YES_AGGRESSIVE;
				CLANG_CXX_LANGUAGE_STANDARD = "gnu++17";
				CLANG_CXX_LIBRARY = "libc++";
				CLANG_ENABLE_MODULES = YES;
				CLANG_ENABLE_OBJC_ARC = YES;
				CLANG_ENABLE_OBJC_WEAK = YES;
				CLANG_WARN_BLOCK_CAPTURE_AUTORELEASING = YES;
				CLANG_WARN_BOOL_CONVERSION = YES;
				CLANG_WARN_COMMA = YES;
				CLANG_WARN_CONSTANT_CONVERSION = YES;
				CLANG_WARN_DEPRECATED_OBJC_IMPLEMENTATIONS = YES;
				CLANG_WARN_DIRECT_OBJC_ISA_USAGE = YES_ERROR;
				CLANG_WARN_DOCUMENTATION_COMMENTS = YES;
				CLANG_WARN_EMPTY_BODY = YES;
				CLANG_WARN_ENUM_CONVERSION = YES;
				CLANG_WARN_INFINITE_RECURSION = YES;
				CLANG_WARN_INT_CONVERSION = YES;
				CLANG_WARN_NON_LITERAL_NULL_CONVERSION = YES;
				CLANG_WARN_OBJC_IMPLICIT_RETAIN_SELF = YES;
				CLANG_WARN_OBJC_LITERAL_CONVERSION = YES;
				CLANG_WARN_OBJC_ROOT_CLASS = YES_ERROR;
				CLANG_WARN_QUOTED_INCLUDE_IN_FRAMEWORK_HEADER = YES;
				CLANG_WARN_RANGE_LOOP_ANALYSIS = YES;
				CLANG_WARN_STRICT_PROTOTYPES = YES;
				CLANG_WARN_SUSPICIOUS_MOVE = YES;
				CLANG_WARN_UNGUARDED_AVAILABILITY = YES_AGGRESSIVE;
				CLANG_WARN_UNREACHABLE_CODE = YES;
				CLANG_WARN__DUPLICATE_METHOD_MATCH = YES;
				COPY_PHASE_STRIP = NO;
				DEBUG_INFORMATION_FORMAT = "dwarf-with-dsym";
				ENABLE_NS_ASSERTIONS = NO;
				ENABLE_STRICT_OBJC_MSGSEND = YES;
				GCC_C_LANGUAGE_STANDARD = gnu11;
				GCC_NO_COMMON_BLOCKS = YES;
				GCC_WARN_64_TO_32_BIT_CONVERSION = YES;
				GCC_WARN_ABOUT_RETURN_TYPE = YES_ERROR;
				GCC_WARN_UNDECLARED_SELECTOR = YES;
				GCC_WARN_UNINITIALIZED_AUTOS = YES_AGGRESSIVE;
				GCC_WARN_UNUSED_FUNCTION = YES;
				GCC_WARN_UNUSED_VARIABLE = YES;
				IPHONEOS_DEPLOYMENT_TARGET = 15.0;
				MTL_ENABLE_DEBUG_INFO = NO;
				MTL_FAST_MATH = YES;
				SDKROOT = iphoneos;
				SWIFT_COMPILATION_MODE = wholemodule;
				SWIFT_OPTIMIZATION_LEVEL = "-O";
				VALIDATE_PRODUCT = YES;
			};
			name = Release;
		};
		7560A8DC2760A28D0085CD00 /* Debug */ = {
			isa = XCBuildConfiguration;
			baseConfigurationReference = 3D3523AA88BDA4EF7460B539 /* Pods-Capstone.debug.xcconfig */;
			buildSettings = {
				ASSETCATALOG_COMPILER_APPICON_NAME = AppIcon;
				ASSETCATALOG_COMPILER_GLOBAL_ACCENT_COLOR_NAME = AccentColor;
				CODE_SIGN_STYLE = Automatic;
				CURRENT_PROJECT_VERSION = 1;
				GENERATE_INFOPLIST_FILE = YES;
				HEADER_SEARCH_PATHS = "\"${PODS_CONFIGURATION_BUILD_DIR}/CLTypingLabel/CLTypingLabel.framework/Headers\"";
				INFOPLIST_FILE = Capstone/Info.plist;
				INFOPLIST_KEY_UIApplicationSupportsIndirectInputEvents = YES;
				INFOPLIST_KEY_UILaunchStoryboardName = LaunchScreen;
				INFOPLIST_KEY_UIMainStoryboardFile = Main;
				INFOPLIST_KEY_UISupportedInterfaceOrientations_iPad = "UIInterfaceOrientationPortrait UIInterfaceOrientationPortraitUpsideDown UIInterfaceOrientationLandscapeLeft UIInterfaceOrientationLandscapeRight";
				INFOPLIST_KEY_UISupportedInterfaceOrientations_iPhone = "UIInterfaceOrientationPortrait UIInterfaceOrientationLandscapeLeft UIInterfaceOrientationLandscapeRight";
				IPHONEOS_DEPLOYMENT_TARGET = 15.0;
				LD_RUNPATH_SEARCH_PATHS = "@executable_path/Frameworks";
				MARKETING_VERSION = 1.0;
				OTHER_LDFLAGS = "";
				"OTHER_LDFLAGS[arch=*]" = "$(inherited)";
				PRODUCT_BUNDLE_IDENTIFIER = com..Capstone;
				PRODUCT_NAME = "$(TARGET_NAME)";
				SWIFT_EMIT_LOC_STRINGS = YES;
				SWIFT_VERSION = 5.0;
				TARGETED_DEVICE_FAMILY = "1,2";
			};
			name = Debug;
		};
		7560A8DD2760A28D0085CD00 /* Release */ = {
			isa = XCBuildConfiguration;
			baseConfigurationReference = 6678A5EC849184A6DC30CB14 /* Pods-Capstone.release.xcconfig */;
			buildSettings = {
				ASSETCATALOG_COMPILER_APPICON_NAME = AppIcon;
				ASSETCATALOG_COMPILER_GLOBAL_ACCENT_COLOR_NAME = AccentColor;
				CODE_SIGN_STYLE = Automatic;
				CURRENT_PROJECT_VERSION = 1;
				GENERATE_INFOPLIST_FILE = YES;
				HEADER_SEARCH_PATHS = "\"${PODS_CONFIGURATION_BUILD_DIR}/CLTypingLabel/CLTypingLabel.framework/Headers\"";
				INFOPLIST_FILE = Capstone/Info.plist;
				INFOPLIST_KEY_UIApplicationSupportsIndirectInputEvents = YES;
				INFOPLIST_KEY_UILaunchStoryboardName = LaunchScreen;
				INFOPLIST_KEY_UIMainStoryboardFile = Main;
				INFOPLIST_KEY_UISupportedInterfaceOrientations_iPad = "UIInterfaceOrientationPortrait UIInterfaceOrientationPortraitUpsideDown UIInterfaceOrientationLandscapeLeft UIInterfaceOrientationLandscapeRight";
				INFOPLIST_KEY_UISupportedInterfaceOrientations_iPhone = "UIInterfaceOrientationPortrait UIInterfaceOrientationLandscapeLeft UIInterfaceOrientationLandscapeRight";
				IPHONEOS_DEPLOYMENT_TARGET = 15.0;
				LD_RUNPATH_SEARCH_PATHS = "@executable_path/Frameworks";
				MARKETING_VERSION = 1.0;
				OTHER_LDFLAGS = "";
				PRODUCT_BUNDLE_IDENTIFIER = com..Capstone;
				PRODUCT_NAME = "$(TARGET_NAME)";
				SWIFT_EMIT_LOC_STRINGS = YES;
				SWIFT_VERSION = 5.0;
				TARGETED_DEVICE_FAMILY = "1,2";
			};
			name = Release;
		};
/* End XCBuildConfiguration section */

/* Begin XCConfigurationList section */
		7560A8C22760A2890085CD00 /* Build configuration list for PBXProject "Capstone" */ = {
			isa = XCConfigurationList;
			buildConfigurations = (
				7560A8D92760A28D0085CD00 /* Debug */,
				7560A8DA2760A28D0085CD00 /* Release */,
			);
			defaultConfigurationIsVisible = 0;
			defaultConfigurationName = Release;
		};
		7560A8DB2760A28D0085CD00 /* Build configuration list for PBXNativeTarget "Capstone" */ = {
			isa = XCConfigurationList;
			buildConfigurations = (
				7560A8DC2760A28D0085CD00 /* Debug */,
				7560A8DD2760A28D0085CD00 /* Release */,
			);
			defaultConfigurationIsVisible = 0;
			defaultConfigurationName = Release;
		};
/* End XCConfigurationList section */

/* Begin XCRemoteSwiftPackageReference section */
		755BE0F72787133900FEE714 /* XCRemoteSwiftPackageReference "SwiftMessages" */ = {
			isa = XCRemoteSwiftPackageReference;
			repositoryURL = "https://github.com/SwiftKickMobile/SwiftMessages";
			requirement = {
				kind = upToNextMajorVersion;
				minimumVersion = 9.0.0;
			};
		};
		7560A8E02761E31D0085CD00 /* XCRemoteSwiftPackageReference "firebase-ios-sdk" */ = {
			isa = XCRemoteSwiftPackageReference;
			repositoryURL = "https://github.com/firebase/firebase-ios-sdk";
			requirement = {
				kind = upToNextMajorVersion;
				minimumVersion = 8.0.0;
			};
		};
/* End XCRemoteSwiftPackageReference section */

/* Begin XCSwiftPackageProductDependency section */
		755BE0F82787133900FEE714 /* SwiftMessages */ = {
			isa = XCSwiftPackageProductDependency;
			package = 755BE0F72787133900FEE714 /* XCRemoteSwiftPackageReference "SwiftMessages" */;
			productName = SwiftMessages;
		};
		7560A8E32761E31D0085CD00 /* FirebaseAuth */ = {
			isa = XCSwiftPackageProductDependency;
			package = 7560A8E02761E31D0085CD00 /* XCRemoteSwiftPackageReference "firebase-ios-sdk" */;
			productName = FirebaseAuth;
		};
		7560A8E52761E31D0085CD00 /* FirebaseDatabase */ = {
			isa = XCSwiftPackageProductDependency;
			package = 7560A8E02761E31D0085CD00 /* XCRemoteSwiftPackageReference "firebase-ios-sdk" */;
			productName = FirebaseDatabase;
		};
		7560A8E72761E31D0085CD00 /* FirebaseFirestore */ = {
			isa = XCSwiftPackageProductDependency;
			package = 7560A8E02761E31D0085CD00 /* XCRemoteSwiftPackageReference "firebase-ios-sdk" */;
			productName = FirebaseFirestore;
		};
		7560A8E92761E31D0085CD00 /* FirebaseStorage */ = {
			isa = XCSwiftPackageProductDependency;
			package = 7560A8E02761E31D0085CD00 /* XCRemoteSwiftPackageReference "firebase-ios-sdk" */;
			productName = FirebaseStorage;
		};
		75E860A0277A1C02000FC830 /* FirebaseAnalytics */ = {
			isa = XCSwiftPackageProductDependency;
			package = 7560A8E02761E31D0085CD00 /* XCRemoteSwiftPackageReference "firebase-ios-sdk" */;
			productName = FirebaseAnalytics;
		};
/* End XCSwiftPackageProductDependency section */
	};
	rootObject = 7560A8BF2760A2890085CD00 /* Project object */;
}
